// !$*UTF8*$!
{
	archiveVersion = 1;
	classes = {
	};
	objectVersion = 50;
	objects = {

/* Begin PBXBuildFile section */
		28A8A3FF2082F99C000C487C /* AppDelegate.swift in Sources */ = {isa = PBXBuildFile; fileRef = 28A8A3FE2082F99C000C487C /* AppDelegate.swift */; };
		28A8A4012082F99C000C487C /* StudentMapViewController.swift in Sources */ = {isa = PBXBuildFile; fileRef = 28A8A4002082F99C000C487C /* StudentMapViewController.swift */; };
		28A8A4042082F99C000C487C /* Main.storyboard in Resources */ = {isa = PBXBuildFile; fileRef = 28A8A4022082F99C000C487C /* Main.storyboard */; };
		28A8A4062082F9A0000C487C /* Assets.xcassets in Resources */ = {isa = PBXBuildFile; fileRef = 28A8A4052082F9A0000C487C /* Assets.xcassets */; };
		28A8A4092082F9A0000C487C /* LaunchScreen.storyboard in Resources */ = {isa = PBXBuildFile; fileRef = 28A8A4072082F9A0000C487C /* LaunchScreen.storyboard */; };
		28A8A42D2082FC8A000C487C /* Constants.swift in Sources */ = {isa = PBXBuildFile; fileRef = 28A8A42C2082FC8A000C487C /* Constants.swift */; };
		28A8A42F20830F76000C487C /* NetworkConnector.swift in Sources */ = {isa = PBXBuildFile; fileRef = 28A8A42E20830F76000C487C /* NetworkConnector.swift */; };
		28A8A4312083E65D000C487C /* Student.swift in Sources */ = {isa = PBXBuildFile; fileRef = 28A8A4302083E65D000C487C /* Student.swift */; };
		28A8A4332083ED8B000C487C /* NetworkClient.swift in Sources */ = {isa = PBXBuildFile; fileRef = 28A8A4322083ED8B000C487C /* NetworkClient.swift */; };
		28A8A43520840235000C487C /* StudentTableViewController.swift in Sources */ = {isa = PBXBuildFile; fileRef = 28A8A43420840235000C487C /* StudentTableViewController.swift */; };
		28A8A437208416D1000C487C /* StudentTableViewCell.swift in Sources */ = {isa = PBXBuildFile; fileRef = 28A8A436208416D1000C487C /* StudentTableViewCell.swift */; };
		28A8A4392086F3DF000C487C /* LoginPageViewController.swift in Sources */ = {isa = PBXBuildFile; fileRef = 28A8A4382086F3DF000C487C /* LoginPageViewController.swift */; };
		28A8A43D2089831D000C487C /* InsertPinViewController.swift in Sources */ = {isa = PBXBuildFile; fileRef = 28A8A43C2089831D000C487C /* InsertPinViewController.swift */; };
		28A8A441208AED4D000C487C /* Reachability.swift in Sources */ = {isa = PBXBuildFile; fileRef = 28A8A440208AED4D000C487C /* Reachability.swift */; };
		28A8A44920901634000C487C /* StudentsDataSource.swift in Sources */ = {isa = PBXBuildFile; fileRef = 28A8A44820901634000C487C /* StudentsDataSource.swift */; };
/* End PBXBuildFile section */

/* Begin PBXFileReference section */
		28A8A3FB2082F99C000C487C /* OnTheMap.app */ = {isa = PBXFileReference; explicitFileType = wrapper.application; includeInIndex = 0; path = OnTheMap.app; sourceTree = BUILT_PRODUCTS_DIR; };
		28A8A3FE2082F99C000C487C /* AppDelegate.swift */ = {isa = PBXFileReference; lastKnownFileType = sourcecode.swift; path = AppDelegate.swift; sourceTree = "<group>"; };
		28A8A4002082F99C000C487C /* StudentMapViewController.swift */ = {isa = PBXFileReference; lastKnownFileType = sourcecode.swift; path = StudentMapViewController.swift; sourceTree = "<group>"; };
		28A8A4032082F99C000C487C /* Base */ = {isa = PBXFileReference; lastKnownFileType = file.storyboard; name = Base; path = Base.lproj/Main.storyboard; sourceTree = "<group>"; };
		28A8A4052082F9A0000C487C /* Assets.xcassets */ = {isa = PBXFileReference; lastKnownFileType = folder.assetcatalog; path = Assets.xcassets; sourceTree = "<group>"; };
		28A8A4082082F9A0000C487C /* Base */ = {isa = PBXFileReference; lastKnownFileType = file.storyboard; name = Base; path = Base.lproj/LaunchScreen.storyboard; sourceTree = "<group>"; };
		28A8A40A2082F9A0000C487C /* Info.plist */ = {isa = PBXFileReference; lastKnownFileType = text.plist.xml; path = Info.plist; sourceTree = "<group>"; };
		28A8A42C2082FC8A000C487C /* Constants.swift */ = {isa = PBXFileReference; lastKnownFileType = sourcecode.swift; path = Constants.swift; sourceTree = "<group>"; };
		28A8A42E20830F76000C487C /* NetworkConnector.swift */ = {isa = PBXFileReference; lastKnownFileType = sourcecode.swift; path = NetworkConnector.swift; sourceTree = "<group>"; };
		28A8A4302083E65D000C487C /* Student.swift */ = {isa = PBXFileReference; lastKnownFileType = sourcecode.swift; path = Student.swift; sourceTree = "<group>"; };
		28A8A4322083ED8B000C487C /* NetworkClient.swift */ = {isa = PBXFileReference; lastKnownFileType = sourcecode.swift; path = NetworkClient.swift; sourceTree = "<group>"; };
		28A8A43420840235000C487C /* StudentTableViewController.swift */ = {isa = PBXFileReference; lastKnownFileType = sourcecode.swift; path = StudentTableViewController.swift; sourceTree = "<group>"; };
		28A8A436208416D1000C487C /* StudentTableViewCell.swift */ = {isa = PBXFileReference; lastKnownFileType = sourcecode.swift; path = StudentTableViewCell.swift; sourceTree = "<group>"; };
		28A8A4382086F3DF000C487C /* LoginPageViewController.swift */ = {isa = PBXFileReference; lastKnownFileType = sourcecode.swift; path = LoginPageViewController.swift; sourceTree = "<group>"; };
		28A8A43C2089831D000C487C /* InsertPinViewController.swift */ = {isa = PBXFileReference; lastKnownFileType = sourcecode.swift; path = InsertPinViewController.swift; sourceTree = "<group>"; };
		28A8A440208AED4D000C487C /* Reachability.swift */ = {isa = PBXFileReference; lastKnownFileType = sourcecode.swift; path = Reachability.swift; sourceTree = "<group>"; };
		28A8A44820901634000C487C /* StudentsDataSource.swift */ = {isa = PBXFileReference; lastKnownFileType = sourcecode.swift; path = StudentsDataSource.swift; sourceTree = "<group>"; };
/* End PBXFileReference section */

/* Begin PBXFrameworksBuildPhase section */
		28A8A3F82082F99C000C487C /* Frameworks */ = {
			isa = PBXFrameworksBuildPhase;
			buildActionMask = 2147483647;
			files = (
			);
			runOnlyForDeploymentPostprocessing = 0;
		};
/* End PBXFrameworksBuildPhase section */

/* Begin PBXGroup section */
		28A8A3F22082F99C000C487C = {
			isa = PBXGroup;
			children = (
				28A8A3FD2082F99C000C487C /* OnTheMap */,
				28A8A3FC2082F99C000C487C /* Products */,
			);
			sourceTree = "<group>";
		};
		28A8A3FC2082F99C000C487C /* Products */ = {
			isa = PBXGroup;
			children = (
				28A8A3FB2082F99C000C487C /* OnTheMap.app */,
			);
			name = Products;
			sourceTree = "<group>";
		};
		28A8A3FD2082F99C000C487C /* OnTheMap */ = {
			isa = PBXGroup;
			children = (
				28A8A443208C1DB0000C487C /* Models */,
				28A8A442208C1D64000C487C /* View Controllers */,
				28A8A3FE2082F99C000C487C /* AppDelegate.swift */,
				28A8A4052082F9A0000C487C /* Assets.xcassets */,
				28A8A4022082F99C000C487C /* Main.storyboard */,
				28A8A4072082F9A0000C487C /* LaunchScreen.storyboard */,
				28A8A40A2082F9A0000C487C /* Info.plist */,
			);
			path = OnTheMap;
			sourceTree = "<group>";
		};
		28A8A442208C1D64000C487C /* View Controllers */ = {
			isa = PBXGroup;
			children = (
				28A8A43C2089831D000C487C /* InsertPinViewController.swift */,
				28A8A4382086F3DF000C487C /* LoginPageViewController.swift */,
				28A8A43420840235000C487C /* StudentTableViewController.swift */,
				28A8A436208416D1000C487C /* StudentTableViewCell.swift */,
				28A8A4002082F99C000C487C /* StudentMapViewController.swift */,
			);
			path = "View Controllers";
			sourceTree = "<group>";
		};
		28A8A443208C1DB0000C487C /* Models */ = {
			isa = PBXGroup;
			children = (
				28A8A4302083E65D000C487C /* Student.swift */,
				28A8A42E20830F76000C487C /* NetworkConnector.swift */,
				28A8A440208AED4D000C487C /* Reachability.swift */,
				28A8A4322083ED8B000C487C /* NetworkClient.swift */,
				28A8A42C2082FC8A000C487C /* Constants.swift */,
				28A8A44820901634000C487C /* StudentsDataSource.swift */,
			);
			path = Models;
			sourceTree = "<group>";
		};
/* End PBXGroup section */

/* Begin PBXNativeTarget section */
		28A8A3FA2082F99C000C487C /* OnTheMap */ = {
			isa = PBXNativeTarget;
			buildConfigurationList = 28A8A4232082F9A0000C487C /* Build configuration list for PBXNativeTarget "OnTheMap" */;
			buildPhases = (
				28A8A3F72082F99C000C487C /* Sources */,
				28A8A3F82082F99C000C487C /* Frameworks */,
				28A8A3F92082F99C000C487C /* Resources */,
			);
			buildRules = (
			);
			dependencies = (
			);
			name = OnTheMap;
			productName = OnTheMap;
			productReference = 28A8A3FB2082F99C000C487C /* OnTheMap.app */;
			productType = "com.apple.product-type.application";
		};
/* End PBXNativeTarget section */

/* Begin PBXProject section */
		28A8A3F32082F99C000C487C /* Project object */ = {
			isa = PBXProject;
			attributes = {
				LastSwiftUpdateCheck = 0930;
				LastUpgradeCheck = 0930;
				ORGANIZATIONNAME = "Nathaniel Warner";
				TargetAttributes = {
					28A8A3FA2082F99C000C487C = {
						CreatedOnToolsVersion = 9.3;
					};
				};
			};
			buildConfigurationList = 28A8A3F62082F99C000C487C /* Build configuration list for PBXProject "OnTheMap" */;
			compatibilityVersion = "Xcode 9.3";
			developmentRegion = en;
			hasScannedForEncodings = 0;
			knownRegions = (
				en,
				Base,
			);
			mainGroup = 28A8A3F22082F99C000C487C;
			productRefGroup = 28A8A3FC2082F99C000C487C /* Products */;
			projectDirPath = "";
			projectRoot = "";
			targets = (
				28A8A3FA2082F99C000C487C /* OnTheMap */,
			);
		};
/* End PBXProject section */

/* Begin PBXResourcesBuildPhase section */
		28A8A3F92082F99C000C487C /* Resources */ = {
			isa = PBXResourcesBuildPhase;
			buildActionMask = 2147483647;
			files = (
				28A8A4092082F9A0000C487C /* LaunchScreen.storyboard in Resources */,
				28A8A4062082F9A0000C487C /* Assets.xcassets in Resources */,
				28A8A4042082F99C000C487C /* Main.storyboard in Resources */,
			);
			runOnlyForDeploymentPostprocessing = 0;
		};
/* End PBXResourcesBuildPhase section */

/* Begin PBXSourcesBuildPhase section */
		28A8A3F72082F99C000C487C /* Sources */ = {
			isa = PBXSourcesBuildPhase;
			buildActionMask = 2147483647;
			files = (
				28A8A4332083ED8B000C487C /* NetworkClient.swift in Sources */,
				28A8A4012082F99C000C487C /* StudentMapViewController.swift in Sources */,
				28A8A3FF2082F99C000C487C /* AppDelegate.swift in Sources */,
				28A8A4392086F3DF000C487C /* LoginPageViewController.swift in Sources */,
				28A8A44920901634000C487C /* StudentsDataSource.swift in Sources */,
				28A8A42F20830F76000C487C /* NetworkConnector.swift in Sources */,
				28A8A43D2089831D000C487C /* InsertPinViewController.swift in Sources */,
				28A8A4312083E65D000C487C /* Student.swift in Sources */,
				28A8A441208AED4D000C487C /* Reachability.swift in Sources */,
				28A8A42D2082FC8A000C487C /* Constants.swift in Sources */,
				28A8A43520840235000C487C /* StudentTableViewController.swift in Sources */,
				28A8A437208416D1000C487C /* StudentTableViewCell.swift in Sources */,
			);
			runOnlyForDeploymentPostprocessing = 0;
		};
/* End PBXSourcesBuildPhase section */

/* Begin PBXVariantGroup section */
		28A8A4022082F99C000C487C /* Main.storyboard */ = {
			isa = PBXVariantGroup;
			children = (
				28A8A4032082F99C000C487C /* Base */,
			);
			name = Main.storyboard;
			sourceTree = "<group>";
		};
		28A8A4072082F9A0000C487C /* LaunchScreen.storyboard */ = {
			isa = PBXVariantGroup;
			children = (
				28A8A4082082F9A0000C487C /* Base */,
			);
			name = LaunchScreen.storyboard;
			sourceTree = "<group>";
		};
/* End PBXVariantGroup section */

/* Begin XCBuildConfiguration section */
		28A8A4212082F9A0000C487C /* Debug */ = {
			isa = XCBuildConfiguration;
			buildSettings = {
				ALWAYS_SEARCH_USER_PATHS = NO;
				CLANG_ANALYZER_NONNULL = YES;
				CLANG_ANALYZER_NUMBER_OBJECT_CONVERSION = YES_AGGRESSIVE;
				CLANG_CXX_LANGUAGE_STANDARD = "gnu++14";
				CLANG_CXX_LIBRARY = "libc++";
				CLANG_ENABLE_MODULES = YES;
				CLANG_ENABLE_OBJC_ARC = YES;
				CLANG_ENABLE_OBJC_WEAK = YES;
				CLANG_WARN_BLOCK_CAPTURE_AUTORELEASING = YES;
				CLANG_WARN_BOOL_CONVERSION = YES;
				CLANG_WARN_COMMA = YES;
				CLANG_WARN_CONSTANT_CONVERSION = YES;
				CLANG_WARN_DEPRECATED_OBJC_IMPLEMENTATIONS = YES;
				CLANG_WARN_DIRECT_OBJC_ISA_USAGE = YES_ERROR;
				CLANG_WARN_DOCUMENTATION_COMMENTS = YES;
				CLANG_WARN_EMPTY_BODY = YES;
				CLANG_WARN_ENUM_CONVERSION = YES;
				CLANG_WARN_INFINITE_RECURSION = YES;
				CLANG_WARN_INT_CONVERSION = YES;
				CLANG_WARN_NON_LITERAL_NULL_CONVERSION = YES;
				CLANG_WARN_OBJC_IMPLICIT_RETAIN_SELF = YES;
				CLANG_WARN_OBJC_LITERAL_CONVERSION = YES;
				CLANG_WARN_OBJC_ROOT_CLASS = YES_ERROR;
				CLANG_WARN_RANGE_LOOP_ANALYSIS = YES;
				CLANG_WARN_STRICT_PROTOTYPES = YES;
				CLANG_WARN_SUSPICIOUS_MOVE = YES;
				CLANG_WARN_UNGUARDED_AVAILABILITY = YES_AGGRESSIVE;
				CLANG_WARN_UNREACHABLE_CODE = YES;
				CLANG_WARN__DUPLICATE_METHOD_MATCH = YES;
				CODE_SIGN_IDENTITY = "iPhone Developer";
				COPY_PHASE_STRIP = NO;
				DEBUG_INFORMATION_FORMAT = dwarf;
				ENABLE_STRICT_OBJC_MSGSEND = YES;
				ENABLE_TESTABILITY = YES;
				GCC_C_LANGUAGE_STANDARD = gnu11;
				GCC_DYNAMIC_NO_PIC = NO;
				GCC_NO_COMMON_BLOCKS = YES;
				GCC_OPTIMIZATION_LEVEL = 0;
				GCC_PREPROCESSOR_DEFINITIONS = (
					"DEBUG=1",
					"$(inherited)",
				);
				GCC_WARN_64_TO_32_BIT_CONVERSION = YES;
				GCC_WARN_ABOUT_RETURN_TYPE = YES_ERROR;
				GCC_WARN_UNDECLARED_SELECTOR = YES;
				GCC_WARN_UNINITIALIZED_AUTOS = YES_AGGRESSIVE;
				GCC_WARN_UNUSED_FUNCTION = YES;
				GCC_WARN_UNUSED_VARIABLE = YES;
				IPHONEOS_DEPLOYMENT_TARGET = 11.3;
				MTL_ENABLE_DEBUG_INFO = YES;
				ONLY_ACTIVE_ARCH = YES;
				SDKROOT = iphoneos;
				SWIFT_ACTIVE_COMPILATION_CONDITIONS = DEBUG;
				SWIFT_OPTIMIZATION_LEVEL = "-Onone";
			};
			name = Debug;
		};
		28A8A4222082F9A0000C487C /* Release */ = {
			isa = XCBuildConfiguration;
			buildSettings = {
				ALWAYS_SEARCH_USER_PATHS = NO;
				CLANG_ANALYZER_NONNULL = YES;
				CLANG_ANALYZER_NUMBER_OBJECT_CONVERSION = YES_AGGRESSIVE;
				CLANG_CXX_LANGUAGE_STANDARD = "gnu++14";
				CLANG_CXX_LIBRARY = "libc++";
				CLANG_ENABLE_MODULES = YES;
				CLANG_ENABLE_OBJC_ARC = YES;
				CLANG_ENABLE_OBJC_WEAK = YES;
				CLANG_WARN_BLOCK_CAPTURE_AUTORELEASING = YES;
				CLANG_WARN_BOOL_CONVERSION = YES;
				CLANG_WARN_COMMA = YES;
				CLANG_WARN_CONSTANT_CONVERSION = YES;
				CLANG_WARN_DEPRECATED_OBJC_IMPLEMENTATIONS = YES;
				CLANG_WARN_DIRECT_OBJC_ISA_USAGE = YES_ERROR;
				CLANG_WARN_DOCUMENTATION_COMMENTS = YES;
				CLANG_WARN_EMPTY_BODY = YES;
				CLANG_WARN_ENUM_CONVERSION = YES;
				CLANG_WARN_INFINITE_RECURSION = YES;
				CLANG_WARN_INT_CONVERSION = YES;
				CLANG_WARN_NON_LITERAL_NULL_CONVERSION = YES;
				CLANG_WARN_OBJC_IMPLICIT_RETAIN_SELF = YES;
				CLANG_WARN_OBJC_LITERAL_CONVERSION = YES;
				CLANG_WARN_OBJC_ROOT_CLASS = YES_ERROR;
				CLANG_WARN_RANGE_LOOP_ANALYSIS = YES;
				CLANG_WARN_STRICT_PROTOTYPES = YES;
				CLANG_WARN_SUSPICIOUS_MOVE = YES;
				CLANG_WARN_UNGUARDED_AVAILABILITY = YES_AGGRESSIVE;
				CLANG_WARN_UNREACHABLE_CODE = YES;
				CLANG_WARN__DUPLICATE_METHOD_MATCH = YES;
				CODE_SIGN_IDENTITY = "iPhone Developer";
				COPY_PHASE_STRIP = NO;
				DEBUG_INFORMATION_FORMAT = "dwarf-with-dsym";
				ENABLE_NS_ASSERTIONS = NO;
				ENABLE_STRICT_OBJC_MSGSEND = YES;
				GCC_C_LANGUAGE_STANDARD = gnu11;
				GCC_NO_COMMON_BLOCKS = YES;
				GCC_WARN_64_TO_32_BIT_CONVERSION = YES;
				GCC_WARN_ABOUT_RETURN_TYPE = YES_ERROR;
				GCC_WARN_UNDECLARED_SELECTOR = YES;
				GCC_WARN_UNINITIALIZED_AUTOS = YES_AGGRESSIVE;
				GCC_WARN_UNUSED_FUNCTION = YES;
				GCC_WARN_UNUSED_VARIABLE = YES;
				IPHONEOS_DEPLOYMENT_TARGET = 11.3;
				MTL_ENABLE_DEBUG_INFO = NO;
				SDKROOT = iphoneos;
				SWIFT_COMPILATION_MODE = wholemodule;
				SWIFT_OPTIMIZATION_LEVEL = "-O";
				VALIDATE_PRODUCT = YES;
			};
			name = Release;
		};
		28A8A4242082F9A0000C487C /* Debug */ = {
			isa = XCBuildConfiguration;
			buildSettings = {
				ASSETCATALOG_COMPILER_APPICON_NAME = AppIcon;
				CODE_SIGN_STYLE = Automatic;
				INFOPLIST_FILE = OnTheMap/Info.plist;
				LD_RUNPATH_SEARCH_PATHS = (
					"$(inherited)",
					"@executable_path/Frameworks",
				);
				PRODUCT_BUNDLE_IDENTIFIER = com.nwarner.ios.OnTheMap;
				PRODUCT_NAME = "$(TARGET_NAME)";
				SWIFT_VERSION = 4.0;
				TARGETED_DEVICE_FAMILY = "1,2";
			};
			name = Debug;
		};
		28A8A4252082F9A0000C487C /* Release */ = {
			isa = XCBuildConfiguration;
			buildSettings = {
				ASSETCATALOG_COMPILER_APPICON_NAME = AppIcon;
				CODE_SIGN_STYLE = Automatic;
				INFOPLIST_FILE = OnTheMap/Info.plist;
				LD_RUNPATH_SEARCH_PATHS = (
					"$(inherited)",
					"@executable_path/Frameworks",
				);
				PRODUCT_BUNDLE_IDENTIFIER = com.nwarner.ios.OnTheMap;
				PRODUCT_NAME = "$(TARGET_NAME)";
				SWIFT_VERSION = 4.0;
				TARGETED_DEVICE_FAMILY = "1,2";
			};
			name = Release;
		};
/* End XCBuildConfiguration section */

/* Begin XCConfigurationList section */
		28A8A3F62082F99C000C487C /* Build configuration list for PBXProject "OnTheMap" */ = {
			isa = XCConfigurationList;
			buildConfigurations = (
				28A8A4212082F9A0000C487C /* Debug */,
				28A8A4222082F9A0000C487C /* Release */,
			);
			defaultConfigurationIsVisible = 0;
			defaultConfigurationName = Release;
		};
		28A8A4232082F9A0000C487C /* Build configuration list for PBXNativeTarget "OnTheMap" */ = {
			isa = XCConfigurationList;
			buildConfigurations = (
				28A8A4242082F9A0000C487C /* Debug */,
				28A8A4252082F9A0000C487C /* Release */,
			);
			defaultConfigurationIsVisible = 0;
			defaultConfigurationName = Release;
		};
/* End XCConfigurationList section */
	};
	rootObject = 28A8A3F32082F99C000C487C /* Project object */;
}
